
Microsoft Visual Studio Solution File, Format Version 12.00
# Visual Studio Version 17
VisualStudioVersion = 17.5.002.0
MinimumVisualStudioVersion = 10.0.40219.1
Project("{9A19103F-16F7-4668-BE54-9A1E7A4F7556}") = "product-api", "product-api.csproj", "{857B37B4-1ED3-4FDC-9258-E367DE04A462}"
EndProject
Global
	GlobalSection(SolutionConfigurationPlatforms) = preSolution
		Debug|Any CPU = Debug|Any CPU
		Release|Any CPU = Release|Any CPU
	EndGlobalSection
	GlobalSection(ProjectConfigurationPlatforms) = postSolution
		{857B37B4-1ED3-4FDC-9258-E367DE04A462}.Debug|Any CPU.ActiveCfg = Debug|Any CPU
		{857B37B4-1ED3-4FDC-9258-E367DE04A462}.Debug|Any CPU.Build.0 = Debug|Any CPU
		{857B37B4-1ED3-4FDC-9258-E367DE04A462}.Release|Any CPU.ActiveCfg = Release|Any CPU
		{857B37B4-1ED3-4FDC-9258-E367DE04A462}.Release|Any CPU.Build.0 = Release|Any CPU
	EndGlobalSection
	GlobalSection(SolutionProperties) = preSolution
		HideSolutionNode = FALSE
	EndGlobalSection
	GlobalSection(ExtensibilityGlobals) = postSolution
		SolutionGuid = {E4DF51AB-F8C9-4601-A8BB-A0E588882488}
	EndGlobalSection
EndGlobal
